Microsoft Visual Studio Solution File, Format Version 11.00
# Visual Studio 2008

Project("{1F661CF0-50CB-4667-4BBD-FEE20D201FC0}") = "But I want some coffee", "Assembly-CSharp.csproj", "{46A9AA12-48D2-2DC6-6F49-D8778EA66289}"
EndProject
Global
	GlobalSection(SolutionConfigurationPlatforms) = preSolution
		Debug|Any CPU = Debug|Any CPU
		Release|Any CPU = Release|Any CPU
	EndGlobalSection
	GlobalSection(ProjectConfigurationPlatforms) = postSolution
		{46A9AA12-48D2-2DC6-6F49-D8778EA66289}.Debug|Any CPU.ActiveCfg = Debug|Any CPU
		{46A9AA12-48D2-2DC6-6F49-D8778EA66289}.Debug|Any CPU.Build.0 = Debug|Any CPU
		{46A9AA12-48D2-2DC6-6F49-D8778EA66289}.Release|Any CPU.ActiveCfg = Release|Any CPU
		{46A9AA12-48D2-2DC6-6F49-D8778EA66289}.Release|Any CPU.Build.0 = Release|Any CPU
	EndGlobalSection
	GlobalSection(SolutionProperties) = preSolution
		HideSolutionNode = FALSE
	EndGlobalSection
	GlobalSection(MonoDevelopProperties) = preSolution
		StartupItem = Assembly-CSharp.csproj
	EndGlobalSection
EndGlobal
